
Microsoft Visual Studio Solution File, Format Version 12.00
# Visual Studio Version 17
VisualStudioVersion = 17.14.36603.0 d17.14
MinimumVisualStudioVersion = 10.0.40219.1
Project("{8BC9CEB8-8B4A-11D0-8D11-00A0C91BC942}") = "05.Project1-RockPaperScissors", "05.Project1-RockPaperScissors\05.Project1-RockPaperScissors.vcxproj", "{4261FDCF-AF71-46C4-B8F0-9BFAD74888CB}"
EndProject
Global
	GlobalSection(SolutionConfigurationPlatforms) = preSolution
		Debug|x64 = Debug|x64
		Debug|x86 = Debug|x86
		Release|x64 = Release|x64
		Release|x86 = Release|x86
	EndGlobalSection
	GlobalSection(ProjectConfigurationPlatforms) = postSolution
		{4261FDCF-AF71-46C4-B8F0-9BFAD74888CB}.Debug|x64.ActiveCfg = Debug|x64
		{4261FDCF-AF71-46C4-B8F0-9BFAD74888CB}.Debug|x64.Build.0 = Debug|x64
		{4261FDCF-AF71-46C4-B8F0-9BFAD74888CB}.Debug|x86.ActiveCfg = Debug|Win32
		{4261FDCF-AF71-46C4-B8F0-9BFAD74888CB}.Debug|x86.Build.0 = Debug|Win32
		{4261FDCF-AF71-46C4-B8F0-9BFAD74888CB}.Release|x64.ActiveCfg = Release|x64
		{4261FDCF-AF71-46C4-B8F0-9BFAD74888CB}.Release|x64.Build.0 = Release|x64
		{4261FDCF-AF71-46C4-B8F0-9BFAD74888CB}.Release|x86.ActiveCfg = Release|Win32
		{4261FDCF-AF71-46C4-B8F0-9BFAD74888CB}.Release|x86.Build.0 = Release|Win32
	EndGlobalSection
	GlobalSection(SolutionProperties) = preSolution
		HideSolutionNode = FALSE
	EndGlobalSection
	GlobalSection(ExtensibilityGlobals) = postSolution
		SolutionGuid = {D82E68FF-0FC7-435E-AE08-28EFB2070DA1}
	EndGlobalSection
EndGlobal
